
Microsoft Visual Studio Solution File, Format Version 12.00
# Visual Studio Version 17
VisualStudioVersion = 17.14.36623.8
MinimumVisualStudioVersion = 10.0.40219.1
Project("{FAE04EC0-301F-11D3-BF4B-00C04F79EFBC}") = "ECOO", "ECOO\ECOO.csproj", "{347F8831-2A3E-4B63-A50E-49FC1E8987F9}"
EndProject
Project("{FAE04EC0-301F-11D3-BF4B-00C04F79EFBC}") = "testEcoo", "testEcoo\testEcoo.csproj", "{1D219482-6309-4D7B-A93D-9FAB88B7C36F}"
EndProject
Global
	GlobalSection(SolutionConfigurationPlatforms) = preSolution
		Debug|Any CPU = Debug|Any CPU
		Release|Any CPU = Release|Any CPU
	EndGlobalSection
	GlobalSection(ProjectConfigurationPlatforms) = postSolution
		{347F8831-2A3E-4B63-A50E-49FC1E8987F9}.Debug|Any CPU.ActiveCfg = Debug|Any CPU
		{347F8831-2A3E-4B63-A50E-49FC1E8987F9}.Debug|Any CPU.Build.0 = Debug|Any CPU
		{347F8831-2A3E-4B63-A50E-49FC1E8987F9}.Release|Any CPU.ActiveCfg = Release|Any CPU
		{347F8831-2A3E-4B63-A50E-49FC1E8987F9}.Release|Any CPU.Build.0 = Release|Any CPU
		{1D219482-6309-4D7B-A93D-9FAB88B7C36F}.Debug|Any CPU.ActiveCfg = Debug|Any CPU
		{1D219482-6309-4D7B-A93D-9FAB88B7C36F}.Debug|Any CPU.Build.0 = Debug|Any CPU
		{1D219482-6309-4D7B-A93D-9FAB88B7C36F}.Release|Any CPU.ActiveCfg = Release|Any CPU
		{1D219482-6309-4D7B-A93D-9FAB88B7C36F}.Release|Any CPU.Build.0 = Release|Any CPU
	EndGlobalSection
	GlobalSection(SolutionProperties) = preSolution
		HideSolutionNode = FALSE
	EndGlobalSection
	GlobalSection(ExtensibilityGlobals) = postSolution
		SolutionGuid = {02F23B02-2261-4CB8-92D9-1EB46417BEA3}
	EndGlobalSection
EndGlobal
